
Microsoft Visual Studio Solution File, Format Version 9.00
# Visual Studio 2005
Project("{FAE04EC0-301F-11D3-BF4B-00C04F79EFBC}") = "Graph", "Graph\Graph.csproj", "{65B5FE0E-7AE5-4FDD-BD4D-E5E74ADB32E6}"
EndProject
Project("{FAE04EC0-301F-11D3-BF4B-00C04F79EFBC}") = "Task", "Task\Task.csproj", "{5D24804F-EDBC-4275-8C9A-026E0C0BB0EB}"
EndProject
Global
	GlobalSection(SolutionConfigurationPlatforms) = preSolution
		Debug|Any CPU = Debug|Any CPU
		Release|Any CPU = Release|Any CPU
	EndGlobalSection
	GlobalSection(ProjectConfigurationPlatforms) = postSolution
		{65B5FE0E-7AE5-4FDD-BD4D-E5E74ADB32E6}.Debug|Any CPU.ActiveCfg = Debug|Any CPU
		{65B5FE0E-7AE5-4FDD-BD4D-E5E74ADB32E6}.Debug|Any CPU.Build.0 = Debug|Any CPU
		{65B5FE0E-7AE5-4FDD-BD4D-E5E74ADB32E6}.Release|Any CPU.ActiveCfg = Release|Any CPU
		{65B5FE0E-7AE5-4FDD-BD4D-E5E74ADB32E6}.Release|Any CPU.Build.0 = Release|Any CPU
		{5D24804F-EDBC-4275-8C9A-026E0C0BB0EB}.Debug|Any CPU.ActiveCfg = Debug|Any CPU
		{5D24804F-EDBC-4275-8C9A-026E0C0BB0EB}.Debug|Any CPU.Build.0 = Debug|Any CPU
		{5D24804F-EDBC-4275-8C9A-026E0C0BB0EB}.Release|Any CPU.ActiveCfg = Release|Any CPU
		{5D24804F-EDBC-4275-8C9A-026E0C0BB0EB}.Release|Any CPU.Build.0 = Release|Any CPU
	EndGlobalSection
	GlobalSection(SolutionProperties) = preSolution
		HideSolutionNode = FALSE
	EndGlobalSection
EndGlobal
